
Microsoft Visual Studio Solution File, Format Version 12.00
# Visual Studio 14
VisualStudioVersion = 14.0.25123.0
MinimumVisualStudioVersion = 10.0.40219.1
Project("{FAE04EC0-301F-11D3-BF4B-00C04F79EFBC}") = "Formulacrum", "Formulacrum\Formulacrum.csproj", "{2A0C0E92-F6FC-49CA-9921-E59071B06D01}"
EndProject
Project("{FAE04EC0-301F-11D3-BF4B-00C04F79EFBC}") = "Formulacrum.Demo_CSharp6", "Formulacrum.Demo_CSharp6\Formulacrum.Demo_CSharp6.csproj", "{E1182C53-CE08-4B80-8BD9-AFFA3A351403}"
EndProject
Project("{FAE04EC0-301F-11D3-BF4B-00C04F79EFBC}") = "Formulacrum.Test", "Formulacrum.Test\Formulacrum.Test.csproj", "{067456C0-086C-46A8-B37F-1405717B7BFC}"
EndProject
Global
	GlobalSection(SolutionConfigurationPlatforms) = preSolution
		Analysis|Any CPU = Analysis|Any CPU
		Debug|Any CPU = Debug|Any CPU
		Release|Any CPU = Release|Any CPU
	EndGlobalSection
	GlobalSection(ProjectConfigurationPlatforms) = postSolution
		{2A0C0E92-F6FC-49CA-9921-E59071B06D01}.Analysis|Any CPU.ActiveCfg = Analysis|Any CPU
		{2A0C0E92-F6FC-49CA-9921-E59071B06D01}.Analysis|Any CPU.Build.0 = Analysis|Any CPU
		{2A0C0E92-F6FC-49CA-9921-E59071B06D01}.Debug|Any CPU.ActiveCfg = Debug|Any CPU
		{2A0C0E92-F6FC-49CA-9921-E59071B06D01}.Debug|Any CPU.Build.0 = Debug|Any CPU
		{2A0C0E92-F6FC-49CA-9921-E59071B06D01}.Release|Any CPU.ActiveCfg = Release|Any CPU
		{2A0C0E92-F6FC-49CA-9921-E59071B06D01}.Release|Any CPU.Build.0 = Release|Any CPU
		{E1182C53-CE08-4B80-8BD9-AFFA3A351403}.Analysis|Any CPU.ActiveCfg = Release|Any CPU
		{E1182C53-CE08-4B80-8BD9-AFFA3A351403}.Analysis|Any CPU.Build.0 = Release|Any CPU
		{E1182C53-CE08-4B80-8BD9-AFFA3A351403}.Debug|Any CPU.ActiveCfg = Debug|Any CPU
		{E1182C53-CE08-4B80-8BD9-AFFA3A351403}.Debug|Any CPU.Build.0 = Debug|Any CPU
		{E1182C53-CE08-4B80-8BD9-AFFA3A351403}.Release|Any CPU.ActiveCfg = Release|Any CPU
		{E1182C53-CE08-4B80-8BD9-AFFA3A351403}.Release|Any CPU.Build.0 = Release|Any CPU
		{067456C0-086C-46A8-B37F-1405717B7BFC}.Analysis|Any CPU.ActiveCfg = Release|Any CPU
		{067456C0-086C-46A8-B37F-1405717B7BFC}.Analysis|Any CPU.Build.0 = Release|Any CPU
		{067456C0-086C-46A8-B37F-1405717B7BFC}.Debug|Any CPU.ActiveCfg = Debug|Any CPU
		{067456C0-086C-46A8-B37F-1405717B7BFC}.Debug|Any CPU.Build.0 = Debug|Any CPU
		{067456C0-086C-46A8-B37F-1405717B7BFC}.Release|Any CPU.ActiveCfg = Release|Any CPU
		{067456C0-086C-46A8-B37F-1405717B7BFC}.Release|Any CPU.Build.0 = Release|Any CPU
	EndGlobalSection
	GlobalSection(SolutionProperties) = preSolution
		HideSolutionNode = FALSE
	EndGlobalSection
EndGlobal
