
Microsoft Visual Studio Solution File, Format Version 12.00
# Visual Studio 14
VisualStudioVersion = 14.0.24720.0
MinimumVisualStudioVersion = 10.0.40219.1
Project("{FAE04EC0-301F-11D3-BF4B-00C04F79EFBC}") = "Formulacrum.Old", "Formulacrum\Formulacrum.Old.csproj", "{02A24AEE-5F66-44F5-8B57-B0E0EB6E5C05}"
EndProject
Project("{FAE04EC0-301F-11D3-BF4B-00C04F79EFBC}") = "TestApp", "TestApp\TestApp.csproj", "{6F9AAD78-EC65-4B18-87C5-20B0B82B0524}"
EndProject
Project("{FAE04EC0-301F-11D3-BF4B-00C04F79EFBC}") = "Formulacrum", "Formulacrum2\Formulacrum.csproj", "{2A0C0E92-F6FC-49CA-9921-E59071B06D01}"
EndProject
Global
	GlobalSection(SolutionConfigurationPlatforms) = preSolution
		Analysis|Any CPU = Analysis|Any CPU
		Debug|Any CPU = Debug|Any CPU
		Release|Any CPU = Release|Any CPU
	EndGlobalSection
	GlobalSection(ProjectConfigurationPlatforms) = postSolution
		{02A24AEE-5F66-44F5-8B57-B0E0EB6E5C05}.Analysis|Any CPU.ActiveCfg = Analysis|Any CPU
		{02A24AEE-5F66-44F5-8B57-B0E0EB6E5C05}.Analysis|Any CPU.Build.0 = Analysis|Any CPU
		{02A24AEE-5F66-44F5-8B57-B0E0EB6E5C05}.Debug|Any CPU.ActiveCfg = Debug|Any CPU
		{02A24AEE-5F66-44F5-8B57-B0E0EB6E5C05}.Debug|Any CPU.Build.0 = Debug|Any CPU
		{02A24AEE-5F66-44F5-8B57-B0E0EB6E5C05}.Release|Any CPU.ActiveCfg = Release|Any CPU
		{02A24AEE-5F66-44F5-8B57-B0E0EB6E5C05}.Release|Any CPU.Build.0 = Release|Any CPU
		{6F9AAD78-EC65-4B18-87C5-20B0B82B0524}.Analysis|Any CPU.ActiveCfg = Analysis|Any CPU
		{6F9AAD78-EC65-4B18-87C5-20B0B82B0524}.Analysis|Any CPU.Build.0 = Analysis|Any CPU
		{6F9AAD78-EC65-4B18-87C5-20B0B82B0524}.Debug|Any CPU.ActiveCfg = Debug|Any CPU
		{6F9AAD78-EC65-4B18-87C5-20B0B82B0524}.Debug|Any CPU.Build.0 = Debug|Any CPU
		{6F9AAD78-EC65-4B18-87C5-20B0B82B0524}.Release|Any CPU.ActiveCfg = Release|Any CPU
		{6F9AAD78-EC65-4B18-87C5-20B0B82B0524}.Release|Any CPU.Build.0 = Release|Any CPU
		{2A0C0E92-F6FC-49CA-9921-E59071B06D01}.Analysis|Any CPU.ActiveCfg = Analysis|Any CPU
		{2A0C0E92-F6FC-49CA-9921-E59071B06D01}.Analysis|Any CPU.Build.0 = Analysis|Any CPU
		{2A0C0E92-F6FC-49CA-9921-E59071B06D01}.Debug|Any CPU.ActiveCfg = Debug|Any CPU
		{2A0C0E92-F6FC-49CA-9921-E59071B06D01}.Debug|Any CPU.Build.0 = Debug|Any CPU
		{2A0C0E92-F6FC-49CA-9921-E59071B06D01}.Release|Any CPU.ActiveCfg = Release|Any CPU
		{2A0C0E92-F6FC-49CA-9921-E59071B06D01}.Release|Any CPU.Build.0 = Release|Any CPU
	EndGlobalSection
	GlobalSection(SolutionProperties) = preSolution
		HideSolutionNode = FALSE
	EndGlobalSection
EndGlobal
